
Microsoft Visual Studio Solution File, Format Version 12.00
# Visual Studio Version 17
VisualStudioVersion = 17.9.34902.65
MinimumVisualStudioVersion = 10.0.40219.1
Project("{888888A0-9F3D-457C-B088-3A5042F75D52}") = "crud_app", "crud_app.pyproj", "{5066099C-4A16-485C-97FE-4302A4C3BBC0}"
EndProject
Global
	GlobalSection(SolutionConfigurationPlatforms) = preSolution
		Debug|Any CPU = Debug|Any CPU
		Release|Any CPU = Release|Any CPU
	EndGlobalSection
	GlobalSection(ProjectConfigurationPlatforms) = postSolution
		{5066099C-4A16-485C-97FE-4302A4C3BBC0}.Debug|Any CPU.ActiveCfg = Debug|Any CPU
		{5066099C-4A16-485C-97FE-4302A4C3BBC0}.Release|Any CPU.ActiveCfg = Release|Any CPU
	EndGlobalSection
	GlobalSection(SolutionProperties) = preSolution
		HideSolutionNode = FALSE
	EndGlobalSection
	GlobalSection(ExtensibilityGlobals) = postSolution
		SolutionGuid = {27F03A98-5D04-4EB1-828D-A15EBE12113D}
	EndGlobalSection
EndGlobal
